// !$*UTF8*$!
{
	archiveVersion = 1;
	classes = {
	};
	objectVersion = 56;
	objects = {

/* Begin PBXBuildFile section */
		E9B075882B17352100D433F1 /* AppDelegate.swift in Sources */ = {isa = PBXBuildFile; fileRef = E9B075872B17352100D433F1 /* AppDelegate.swift */; };
		E9B0758A2B17352100D433F1 /* SceneDelegate.swift in Sources */ = {isa = PBXBuildFile; fileRef = E9B075892B17352100D433F1 /* SceneDelegate.swift */; };
		E9B0758C2B17352100D433F1 /* ViewController.swift in Sources */ = {isa = PBXBuildFile; fileRef = E9B0758B2B17352100D433F1 /* ViewController.swift */; };
		E9B0758F2B17352100D433F1 /* Main.storyboard in Resources */ = {isa = PBXBuildFile; fileRef = E9B0758D2B17352100D433F1 /* Main.storyboard */; };
		E9B075912B17352200D433F1 /* Assets.xcassets in Resources */ = {isa = PBXBuildFile; fileRef = E9B075902B17352200D433F1 /* Assets.xcassets */; };
		E9B075942B17352200D433F1 /* LaunchScreen.storyboard in Resources */ = {isa = PBXBuildFile; fileRef = E9B075922B17352200D433F1 /* LaunchScreen.storyboard */; };
		E9B0759D2B1735A800D433F1 /* DGCharts in Frameworks */ = {isa = PBXBuildFile; productRef = E9B0759C2B1735A800D433F1 /* DGCharts */; };
		E9B0759F2B17394300D433F1 /* rc.swift in Sources */ = {isa = PBXBuildFile; fileRef = E9B0759E2B17394300D433F1 /* rc.swift */; };
		E9B075A22B173AF400D433F1 /* TinyConstraints in Frameworks */ = {isa = PBXBuildFile; productRef = E9B075A12B173AF400D433F1 /* TinyConstraints */; };
		E9B075A42B1772E300D433F1 /* info.json in Resources */ = {isa = PBXBuildFile; fileRef = E9B075A32B1772E300D433F1 /* info.json */; };
		E9B075A62B177B2100D433F1 /* dayCollectionViewCell.swift in Sources */ = {isa = PBXBuildFile; fileRef = E9B075A52B177B2100D433F1 /* dayCollectionViewCell.swift */; };
		E9B075A82B17847D00D433F1 /* ChartsViewCollectionViewCell.swift in Sources */ = {isa = PBXBuildFile; fileRef = E9B075A72B17847D00D433F1 /* ChartsViewCollectionViewCell.swift */; };
/* End PBXBuildFile section */

/* Begin PBXFileReference section */
		E9B075842B17352100D433F1 /* pocCharts.app */ = {isa = PBXFileReference; explicitFileType = wrapper.application; includeInIndex = 0; path = pocCharts.app; sourceTree = BUILT_PRODUCTS_DIR; };
		E9B075872B17352100D433F1 /* AppDelegate.swift */ = {isa = PBXFileReference; lastKnownFileType = sourcecode.swift; path = AppDelegate.swift; sourceTree = "<group>"; };
		E9B075892B17352100D433F1 /* SceneDelegate.swift */ = {isa = PBXFileReference; lastKnownFileType = sourcecode.swift; path = SceneDelegate.swift; sourceTree = "<group>"; };
		E9B0758B2B17352100D433F1 /* ViewController.swift */ = {isa = PBXFileReference; lastKnownFileType = sourcecode.swift; path = ViewController.swift; sourceTree = "<group>"; };
		E9B0758E2B17352100D433F1 /* Base */ = {isa = PBXFileReference; lastKnownFileType = file.storyboard; name = Base; path = Base.lproj/Main.storyboard; sourceTree = "<group>"; };
		E9B075902B17352200D433F1 /* Assets.xcassets */ = {isa = PBXFileReference; lastKnownFileType = folder.assetcatalog; path = Assets.xcassets; sourceTree = "<group>"; };
		E9B075932B17352200D433F1 /* Base */ = {isa = PBXFileReference; lastKnownFileType = file.storyboard; name = Base; path = Base.lproj/LaunchScreen.storyboard; sourceTree = "<group>"; };
		E9B075952B17352200D433F1 /* Info.plist */ = {isa = PBXFileReference; lastKnownFileType = text.plist.xml; path = Info.plist; sourceTree = "<group>"; };
		E9B0759E2B17394300D433F1 /* rc.swift */ = {isa = PBXFileReference; lastKnownFileType = sourcecode.swift; path = rc.swift; sourceTree = "<group>"; };
		E9B075A32B1772E300D433F1 /* info.json */ = {isa = PBXFileReference; lastKnownFileType = text.json; path = info.json; sourceTree = "<group>"; };
		E9B075A52B177B2100D433F1 /* dayCollectionViewCell.swift */ = {isa = PBXFileReference; lastKnownFileType = sourcecode.swift; path = dayCollectionViewCell.swift; sourceTree = "<group>"; };
		E9B075A72B17847D00D433F1 /* ChartsViewCollectionViewCell.swift */ = {isa = PBXFileReference; lastKnownFileType = sourcecode.swift; path = ChartsViewCollectionViewCell.swift; sourceTree = "<group>"; };
/* End PBXFileReference section */

/* Begin PBXFrameworksBuildPhase section */
		E9B075812B17352100D433F1 /* Frameworks */ = {
			isa = PBXFrameworksBuildPhase;
			buildActionMask = 2147483647;
			files = (
				E9B0759D2B1735A800D433F1 /* DGCharts in Frameworks */,
				E9B075A22B173AF400D433F1 /* TinyConstraints in Frameworks */,
			);
			runOnlyForDeploymentPostprocessing = 0;
		};
/* End PBXFrameworksBuildPhase section */

/* Begin PBXGroup section */
		E9B0757B2B17352100D433F1 = {
			isa = PBXGroup;
			children = (
				E9B075862B17352100D433F1 /* pocCharts */,
				E9B075852B17352100D433F1 /* Products */,
			);
			sourceTree = "<group>";
		};
		E9B075852B17352100D433F1 /* Products */ = {
			isa = PBXGroup;
			children = (
				E9B075842B17352100D433F1 /* pocCharts.app */,
			);
			name = Products;
			sourceTree = "<group>";
		};
		E9B075862B17352100D433F1 /* pocCharts */ = {
			isa = PBXGroup;
			children = (
				E9B075872B17352100D433F1 /* AppDelegate.swift */,
				E9B075892B17352100D433F1 /* SceneDelegate.swift */,
				E9B0758B2B17352100D433F1 /* ViewController.swift */,
				E9B0758D2B17352100D433F1 /* Main.storyboard */,
				E9B075902B17352200D433F1 /* Assets.xcassets */,
				E9B075922B17352200D433F1 /* LaunchScreen.storyboard */,
				E9B075952B17352200D433F1 /* Info.plist */,
				E9B0759E2B17394300D433F1 /* rc.swift */,
				E9B075A32B1772E300D433F1 /* info.json */,
				E9B075A52B177B2100D433F1 /* dayCollectionViewCell.swift */,
				E9B075A72B17847D00D433F1 /* ChartsViewCollectionViewCell.swift */,
			);
			path = pocCharts;
			sourceTree = "<group>";
		};
/* End PBXGroup section */

/* Begin PBXNativeTarget section */
		E9B075832B17352100D433F1 /* pocCharts */ = {
			isa = PBXNativeTarget;
			buildConfigurationList = E9B075982B17352200D433F1 /* Build configuration list for PBXNativeTarget "pocCharts" */;
			buildPhases = (
				E9B075802B17352100D433F1 /* Sources */,
				E9B075812B17352100D433F1 /* Frameworks */,
				E9B075822B17352100D433F1 /* Resources */,
			);
			buildRules = (
			);
			dependencies = (
			);
			name = pocCharts;
			packageProductDependencies = (
				E9B0759C2B1735A800D433F1 /* DGCharts */,
				E9B075A12B173AF400D433F1 /* TinyConstraints */,
			);
			productName = pocCharts;
			productReference = E9B075842B17352100D433F1 /* pocCharts.app */;
			productType = "com.apple.product-type.application";
		};
/* End PBXNativeTarget section */

/* Begin PBXProject section */
		E9B0757C2B17352100D433F1 /* Project object */ = {
			isa = PBXProject;
			attributes = {
				BuildIndependentTargetsInParallel = 1;
				LastSwiftUpdateCheck = 1430;
				LastUpgradeCheck = 1430;
				TargetAttributes = {
					E9B075832B17352100D433F1 = {
						CreatedOnToolsVersion = 14.3.1;
					};
				};
			};
			buildConfigurationList = E9B0757F2B17352100D433F1 /* Build configuration list for PBXProject "pocCharts" */;
			compatibilityVersion = "Xcode 14.0";
			developmentRegion = en;
			hasScannedForEncodings = 0;
			knownRegions = (
				en,
				Base,
			);
			mainGroup = E9B0757B2B17352100D433F1;
			packageReferences = (
				E9B0759B2B1735A800D433F1 /* XCRemoteSwiftPackageReference "Charts" */,
				E9B075A02B173AF400D433F1 /* XCRemoteSwiftPackageReference "TinyConstraints" */,
			);
			productRefGroup = E9B075852B17352100D433F1 /* Products */;
			projectDirPath = "";
			projectRoot = "";
			targets = (
				E9B075832B17352100D433F1 /* pocCharts */,
			);
		};
/* End PBXProject section */

/* Begin PBXResourcesBuildPhase section */
		E9B075822B17352100D433F1 /* Resources */ = {
			isa = PBXResourcesBuildPhase;
			buildActionMask = 2147483647;
			files = (
				E9B075942B17352200D433F1 /* LaunchScreen.storyboard in Resources */,
				E9B075A42B1772E300D433F1 /* info.json in Resources */,
				E9B075912B17352200D433F1 /* Assets.xcassets in Resources */,
				E9B0758F2B17352100D433F1 /* Main.storyboard in Resources */,
			);
			runOnlyForDeploymentPostprocessing = 0;
		};
/* End PBXResourcesBuildPhase section */

/* Begin PBXSourcesBuildPhase section */
		E9B075802B17352100D433F1 /* Sources */ = {
			isa = PBXSourcesBuildPhase;
			buildActionMask = 2147483647;
			files = (
				E9B075A82B17847D00D433F1 /* ChartsViewCollectionViewCell.swift in Sources */,
				E9B0759F2B17394300D433F1 /* rc.swift in Sources */,
				E9B0758C2B17352100D433F1 /* ViewController.swift in Sources */,
				E9B075882B17352100D433F1 /* AppDelegate.swift in Sources */,
				E9B0758A2B17352100D433F1 /* SceneDelegate.swift in Sources */,
				E9B075A62B177B2100D433F1 /* dayCollectionViewCell.swift in Sources */,
			);
			runOnlyForDeploymentPostprocessing = 0;
		};
/* End PBXSourcesBuildPhase section */

/* Begin PBXVariantGroup section */
		E9B0758D2B17352100D433F1 /* Main.storyboard */ = {
			isa = PBXVariantGroup;
			children = (
				E9B0758E2B17352100D433F1 /* Base */,
			);
			name = Main.storyboard;
			sourceTree = "<group>";
		};
		E9B075922B17352200D433F1 /* LaunchScreen.storyboard */ = {
			isa = PBXVariantGroup;
			children = (
				E9B075932B17352200D433F1 /* Base */,
			);
			name = LaunchScreen.storyboard;
			sourceTree = "<group>";
		};
/* End PBXVariantGroup section */

/* Begin XCBuildConfiguration section */
		E9B075962B17352200D433F1 /* Debug */ = {
			isa = XCBuildConfiguration;
			buildSettings = {
				ALWAYS_SEARCH_USER_PATHS = NO;
				CLANG_ANALYZER_NONNULL = YES;
				CLANG_ANALYZER_NUMBER_OBJECT_CONVERSION = YES_AGGRESSIVE;
				CLANG_CXX_LANGUAGE_STANDARD = "gnu++20";
				CLANG_ENABLE_MODULES = YES;
				CLANG_ENABLE_OBJC_ARC = YES;
				CLANG_ENABLE_OBJC_WEAK = YES;
				CLANG_WARN_BLOCK_CAPTURE_AUTORELEASING = YES;
				CLANG_WARN_BOOL_CONVERSION = YES;
				CLANG_WARN_COMMA = YES;
				CLANG_WARN_CONSTANT_CONVERSION = YES;
				CLANG_WARN_DEPRECATED_OBJC_IMPLEMENTATIONS = YES;
				CLANG_WARN_DIRECT_OBJC_ISA_USAGE = YES_ERROR;
				CLANG_WARN_DOCUMENTATION_COMMENTS = YES;
				CLANG_WARN_EMPTY_BODY = YES;
				CLANG_WARN_ENUM_CONVERSION = YES;
				CLANG_WARN_INFINITE_RECURSION = YES;
				CLANG_WARN_INT_CONVERSION = YES;
				CLANG_WARN_NON_LITERAL_NULL_CONVERSION = YES;
				CLANG_WARN_OBJC_IMPLICIT_RETAIN_SELF = YES;
				CLANG_WARN_OBJC_LITERAL_CONVERSION = YES;
				CLANG_WARN_OBJC_ROOT_CLASS = YES_ERROR;
				CLANG_WARN_QUOTED_INCLUDE_IN_FRAMEWORK_HEADER = YES;
				CLANG_WARN_RANGE_LOOP_ANALYSIS = YES;
				CLANG_WARN_STRICT_PROTOTYPES = YES;
				CLANG_WARN_SUSPICIOUS_MOVE = YES;
				CLANG_WARN_UNGUARDED_AVAILABILITY = YES_AGGRESSIVE;
				CLANG_WARN_UNREACHABLE_CODE = YES;
				CLANG_WARN__DUPLICATE_METHOD_MATCH = YES;
				COPY_PHASE_STRIP = NO;
				DEBUG_INFORMATION_FORMAT = dwarf;
				ENABLE_STRICT_OBJC_MSGSEND = YES;
				ENABLE_TESTABILITY = YES;
				GCC_C_LANGUAGE_STANDARD = gnu11;
				GCC_DYNAMIC_NO_PIC = NO;
				GCC_NO_COMMON_BLOCKS = YES;
				GCC_OPTIMIZATION_LEVEL = 0;
				GCC_PREPROCESSOR_DEFINITIONS = (
					"DEBUG=1",
					"$(inherited)",
				);
				GCC_WARN_64_TO_32_BIT_CONVERSION = YES;
				GCC_WARN_ABOUT_RETURN_TYPE = YES_ERROR;
				GCC_WARN_UNDECLARED_SELECTOR = YES;
				GCC_WARN_UNINITIALIZED_AUTOS = YES_AGGRESSIVE;
				GCC_WARN_UNUSED_FUNCTION = YES;
				GCC_WARN_UNUSED_VARIABLE = YES;
				IPHONEOS_DEPLOYMENT_TARGET = 16.4;
				MTL_ENABLE_DEBUG_INFO = INCLUDE_SOURCE;
				MTL_FAST_MATH = YES;
				ONLY_ACTIVE_ARCH = YES;
				SDKROOT = iphoneos;
				SWIFT_ACTIVE_COMPILATION_CONDITIONS = DEBUG;
				SWIFT_OPTIMIZATION_LEVEL = "-Onone";
			};
			name = Debug;
		};
		E9B075972B17352200D433F1 /* Release */ = {
			isa = XCBuildConfiguration;
			buildSettings = {
				ALWAYS_SEARCH_USER_PATHS = NO;
				CLANG_ANALYZER_NONNULL = YES;
				CLANG_ANALYZER_NUMBER_OBJECT_CONVERSION = YES_AGGRESSIVE;
				CLANG_CXX_LANGUAGE_STANDARD = "gnu++20";
				CLANG_ENABLE_MODULES = YES;
				CLANG_ENABLE_OBJC_ARC = YES;
				CLANG_ENABLE_OBJC_WEAK = YES;
				CLANG_WARN_BLOCK_CAPTURE_AUTORELEASING = YES;
				CLANG_WARN_BOOL_CONVERSION = YES;
				CLANG_WARN_COMMA = YES;
				CLANG_WARN_CONSTANT_CONVERSION = YES;
				CLANG_WARN_DEPRECATED_OBJC_IMPLEMENTATIONS = YES;
				CLANG_WARN_DIRECT_OBJC_ISA_USAGE = YES_ERROR;
				CLANG_WARN_DOCUMENTATION_COMMENTS = YES;
				CLANG_WARN_EMPTY_BODY = YES;
				CLANG_WARN_ENUM_CONVERSION = YES;
				CLANG_WARN_INFINITE_RECURSION = YES;
				CLANG_WARN_INT_CONVERSION = YES;
				CLANG_WARN_NON_LITERAL_NULL_CONVERSION = YES;
				CLANG_WARN_OBJC_IMPLICIT_RETAIN_SELF = YES;
				CLANG_WARN_OBJC_LITERAL_CONVERSION = YES;
				CLANG_WARN_OBJC_ROOT_CLASS = YES_ERROR;
				CLANG_WARN_QUOTED_INCLUDE_IN_FRAMEWORK_HEADER = YES;
				CLANG_WARN_RANGE_LOOP_ANALYSIS = YES;
				CLANG_WARN_STRICT_PROTOTYPES = YES;
				CLANG_WARN_SUSPICIOUS_MOVE = YES;
				CLANG_WARN_UNGUARDED_AVAILABILITY = YES_AGGRESSIVE;
				CLANG_WARN_UNREACHABLE_CODE = YES;
				CLANG_WARN__DUPLICATE_METHOD_MATCH = YES;
				COPY_PHASE_STRIP = NO;
				DEBUG_INFORMATION_FORMAT = "dwarf-with-dsym";
				ENABLE_NS_ASSERTIONS = NO;
				ENABLE_STRICT_OBJC_MSGSEND = YES;
				GCC_C_LANGUAGE_STANDARD = gnu11;
				GCC_NO_COMMON_BLOCKS = YES;
				GCC_WARN_64_TO_32_BIT_CONVERSION = YES;
				GCC_WARN_ABOUT_RETURN_TYPE = YES_ERROR;
				GCC_WARN_UNDECLARED_SELECTOR = YES;
				GCC_WARN_UNINITIALIZED_AUTOS = YES_AGGRESSIVE;
				GCC_WARN_UNUSED_FUNCTION = YES;
				GCC_WARN_UNUSED_VARIABLE = YES;
				IPHONEOS_DEPLOYMENT_TARGET = 16.4;
				MTL_ENABLE_DEBUG_INFO = NO;
				MTL_FAST_MATH = YES;
				SDKROOT = iphoneos;
				SWIFT_COMPILATION_MODE = wholemodule;
				SWIFT_OPTIMIZATION_LEVEL = "-O";
				VALIDATE_PRODUCT = YES;
			};
			name = Release;
		};
		E9B075992B17352200D433F1 /* Debug */ = {
			isa = XCBuildConfiguration;
			buildSettings = {
				ASSETCATALOG_COMPILER_APPICON_NAME = AppIcon;
				ASSETCATALOG_COMPILER_GLOBAL_ACCENT_COLOR_NAME = AccentColor;
				CODE_SIGN_STYLE = Automatic;
				CURRENT_PROJECT_VERSION = 1;
				DEVELOPMENT_TEAM = HM9EJMMX54;
				GENERATE_INFOPLIST_FILE = YES;
				INFOPLIST_FILE = pocCharts/Info.plist;
				INFOPLIST_KEY_UIApplicationSupportsIndirectInputEvents = YES;
				INFOPLIST_KEY_UILaunchStoryboardName = LaunchScreen;
				INFOPLIST_KEY_UIMainStoryboardFile = Main;
				INFOPLIST_KEY_UISupportedInterfaceOrientations_iPad = "UIInterfaceOrientationPortrait UIInterfaceOrientationPortraitUpsideDown UIInterfaceOrientationLandscapeLeft UIInterfaceOrientationLandscapeRight";
				INFOPLIST_KEY_UISupportedInterfaceOrientations_iPhone = "UIInterfaceOrientationPortrait UIInterfaceOrientationLandscapeLeft UIInterfaceOrientationLandscapeRight";
				IPHONEOS_DEPLOYMENT_TARGET = 13.0;
				LD_RUNPATH_SEARCH_PATHS = (
					"$(inherited)",
					"@executable_path/Frameworks",
				);
				MARKETING_VERSION = 1.0;
				PRODUCT_BUNDLE_IDENTIFIER = Thomas.pocCharts;
				PRODUCT_NAME = "$(TARGET_NAME)";
				SWIFT_EMIT_LOC_STRINGS = YES;
				SWIFT_VERSION = 5.0;
				TARGETED_DEVICE_FAMILY = "1,2";
			};
			name = Debug;
		};
		E9B0759A2B17352200D433F1 /* Release */ = {
			isa = XCBuildConfiguration;
			buildSettings = {
				ASSETCATALOG_COMPILER_APPICON_NAME = AppIcon;
				ASSETCATALOG_COMPILER_GLOBAL_ACCENT_COLOR_NAME = AccentColor;
				CODE_SIGN_STYLE = Automatic;
				CURRENT_PROJECT_VERSION = 1;
				DEVELOPMENT_TEAM = HM9EJMMX54;
				GENERATE_INFOPLIST_FILE = YES;
				INFOPLIST_FILE = pocCharts/Info.plist;
				INFOPLIST_KEY_UIApplicationSupportsIndirectInputEvents = YES;
				INFOPLIST_KEY_UILaunchStoryboardName = LaunchScreen;
				INFOPLIST_KEY_UIMainStoryboardFile = Main;
				INFOPLIST_KEY_UISupportedInterfaceOrientations_iPad = "UIInterfaceOrientationPortrait UIInterfaceOrientationPortraitUpsideDown UIInterfaceOrientationLandscapeLeft UIInterfaceOrientationLandscapeRight";
				INFOPLIST_KEY_UISupportedInterfaceOrientations_iPhone = "UIInterfaceOrientationPortrait UIInterfaceOrientationLandscapeLeft UIInterfaceOrientationLandscapeRight";
				IPHONEOS_DEPLOYMENT_TARGET = 13.0;
				LD_RUNPATH_SEARCH_PATHS = (
					"$(inherited)",
					"@executable_path/Frameworks",
				);
				MARKETING_VERSION = 1.0;
				PRODUCT_BUNDLE_IDENTIFIER = Thomas.pocCharts;
				PRODUCT_NAME = "$(TARGET_NAME)";
				SWIFT_EMIT_LOC_STRINGS = YES;
				SWIFT_VERSION = 5.0;
				TARGETED_DEVICE_FAMILY = "1,2";
			};
			name = Release;
		};
/* End XCBuildConfiguration section */

/* Begin XCConfigurationList section */
		E9B0757F2B17352100D433F1 /* Build configuration list for PBXProject "pocCharts" */ = {
			isa = XCConfigurationList;
			buildConfigurations = (
				E9B075962B17352200D433F1 /* Debug */,
				E9B075972B17352200D433F1 /* Release */,
			);
			defaultConfigurationIsVisible = 0;
			defaultConfigurationName = Release;
		};
		E9B075982B17352200D433F1 /* Build configuration list for PBXNativeTarget "pocCharts" */ = {
			isa = XCConfigurationList;
			buildConfigurations = (
				E9B075992B17352200D433F1 /* Debug */,
				E9B0759A2B17352200D433F1 /* Release */,
			);
			defaultConfigurationIsVisible = 0;
			defaultConfigurationName = Release;
		};
/* End XCConfigurationList section */

/* Begin XCRemoteSwiftPackageReference section */
		E9B0759B2B1735A800D433F1 /* XCRemoteSwiftPackageReference "Charts" */ = {
			isa = XCRemoteSwiftPackageReference;
			repositoryURL = "https://github.com/danielgindi/Charts.git";
			requirement = {
				kind = upToNextMajorVersion;
				minimumVersion = 5.0.0;
			};
		};
		E9B075A02B173AF400D433F1 /* XCRemoteSwiftPackageReference "TinyConstraints" */ = {
			isa = XCRemoteSwiftPackageReference;
			repositoryURL = "https://github.com/roberthein/TinyConstraints";
			requirement = {
				kind = upToNextMajorVersion;
				minimumVersion = 4.0.0;
			};
		};
/* End XCRemoteSwiftPackageReference section */

/* Begin XCSwiftPackageProductDependency section */
		E9B0759C2B1735A800D433F1 /* DGCharts */ = {
			isa = XCSwiftPackageProductDependency;
			package = E9B0759B2B1735A800D433F1 /* XCRemoteSwiftPackageReference "Charts" */;
			productName = DGCharts;
		};
		E9B075A12B173AF400D433F1 /* TinyConstraints */ = {
			isa = XCSwiftPackageProductDependency;
			package = E9B075A02B173AF400D433F1 /* XCRemoteSwiftPackageReference "TinyConstraints" */;
			productName = TinyConstraints;
		};
/* End XCSwiftPackageProductDependency section */
	};
	rootObject = E9B0757C2B17352100D433F1 /* Project object */;
}
